
Microsoft Visual Studio Solution File, Format Version 12.00
Project("{FAE04EC0-301F-11D3-BF4B-00C04F79EFBC}") = "Bank", "Bank\Bank.csproj", "{FC75CEFC-B6DB-408B-A662-3F6D60A61AF0}"
EndProject
Global
	GlobalSection(SolutionConfigurationPlatforms) = preSolution
		Debug|Any CPU = Debug|Any CPU
		Release|Any CPU = Release|Any CPU
	EndGlobalSection
	GlobalSection(ProjectConfigurationPlatforms) = postSolution
		{FC75CEFC-B6DB-408B-A662-3F6D60A61AF0}.Debug|Any CPU.ActiveCfg = Debug|Any CPU
		{FC75CEFC-B6DB-408B-A662-3F6D60A61AF0}.Debug|Any CPU.Build.0 = Debug|Any CPU
		{FC75CEFC-B6DB-408B-A662-3F6D60A61AF0}.Release|Any CPU.ActiveCfg = Release|Any CPU
		{FC75CEFC-B6DB-408B-A662-3F6D60A61AF0}.Release|Any CPU.Build.0 = Release|Any CPU
	EndGlobalSection
EndGlobal
